
Microsoft Visual Studio Solution File, Format Version 12.00
# Visual Studio Version 17
VisualStudioVersion = 17.10.34916.146
MinimumVisualStudioVersion = 10.0.40219.1
Project("{FAE04EC0-301F-11D3-BF4B-00C04F79EFBC}") = "Diplom", "Diplom\Diplom.csproj", "{C75E9C50-9F3A-402B-956A-5FF2C75268D4}"
EndProject
Global
	GlobalSection(SolutionConfigurationPlatforms) = preSolution
		Debug|Any CPU = Debug|Any CPU
		Release|Any CPU = Release|Any CPU
	EndGlobalSection
	GlobalSection(ProjectConfigurationPlatforms) = postSolution
		{C75E9C50-9F3A-402B-956A-5FF2C75268D4}.Debug|Any CPU.ActiveCfg = Debug|Any CPU
		{C75E9C50-9F3A-402B-956A-5FF2C75268D4}.Debug|Any CPU.Build.0 = Debug|Any CPU
		{C75E9C50-9F3A-402B-956A-5FF2C75268D4}.Release|Any CPU.ActiveCfg = Release|Any CPU
		{C75E9C50-9F3A-402B-956A-5FF2C75268D4}.Release|Any CPU.Build.0 = Release|Any CPU
	EndGlobalSection
	GlobalSection(SolutionProperties) = preSolution
		HideSolutionNode = FALSE
	EndGlobalSection
	GlobalSection(ExtensibilityGlobals) = postSolution
		SolutionGuid = {B6CBB93A-C3AE-4DAF-AEF9-735DB3D75038}
	EndGlobalSection
EndGlobal
